{
  "nodes": {
    "nixpkgs": {
      "locked": {
        "lastModified": 1670543252,
        "narHash": "sha256-7/+Gczc8BkTK5CgYwnmwm2AA2M5sSQZg74qyQiJSWzA=",
        "owner": "NixOS",
        "repo": "nixpkgs",
        "rev": "23493afbe6b699a12bb4df4cf7805aaffa28e54f",
        "type": "github"
      },
      "original": {
        "owner": "NixOS",
        "repo": "nixpkgs",
        "type": "github"
      }
    },
    "root": {
      "inputs": {
        "nixpkgs": "nixpkgs",
        "utils": "utils"
      }
    },
    "utils": {
      "locked": {
        "lastModified": 1667395993,
        "narHash": "sha256-nuEHfE/LcWyuSWnS8t12N1wc105Qtau+/OdUAjtQ0rA=",
        "owner": "numtide",
        "repo": "flake-utils",
        "rev": "5aed5285a952e0b949eb3ba02c12fa4fcfef535f",
        "type": "github"
      },
      "original": {
        "owner": "numtide",
        "repo": "flake-utils",
        "type": "github"
      }
    }
  },
  "root": "root",
  "version": 7
}
