{
  "nodes": {
    "nixpkgs": {
      "locked": {
        "lastModified": 1666112920,
        "narHash": "sha256-qOHBSvDAtCGxbvCCeQZ3N2+zm9lnaW4OTeDGJLt8n6k=",
        "owner": "NixOS",
        "repo": "nixpkgs",
        "rev": "e1a0f8fe5af1ead8a3d8a2220e5afb2eae686765",
        "type": "github"
      },
      "original": {
        "owner": "NixOS",
        "repo": "nixpkgs",
        "type": "github"
      }
    },
    "root": {
      "inputs": {
        "nixpkgs": "nixpkgs",
        "utils": "utils"
      }
    },
    "utils": {
      "locked": {
        "lastModified": 1659877975,
        "narHash": "sha256-zllb8aq3YO3h8B/U0/J1WBgAL8EX5yWf5pMj3G0NAmc=",
        "owner": "numtide",
        "repo": "flake-utils",
        "rev": "c0e246b9b83f637f4681389ecabcb2681b4f3af0",
        "type": "github"
      },
      "original": {
        "owner": "numtide",
        "repo": "flake-utils",
        "type": "github"
      }
    }
  },
  "root": "root",
  "version": 7
}
