{
  "nodes": {
    "nixpkgs": {
      "locked": {
        "lastModified": 1616511757,
        "narHash": "sha256-rT83ehsEW7zlarjq7EOa73bqkctcXSQ+MDbWcWRIheQ=",
        "owner": "NixOS",
        "repo": "nixpkgs",
        "rev": "5409b08d8a8f7617a7eec5900dbe7c6cf924cdac",
        "type": "github"
      },
      "original": {
        "id": "nixpkgs",
        "type": "indirect"
      }
    },
    "root": {
      "inputs": {
        "nixpkgs": "nixpkgs",
        "utils": "utils"
      }
    },
    "utils": {
      "locked": {
        "lastModified": 1614513358,
        "narHash": "sha256-LakhOx3S1dRjnh0b5Dg3mbZyH0ToC9I8Y2wKSkBaTzU=",
        "owner": "numtide",
        "repo": "flake-utils",
        "rev": "5466c5bbece17adaab2d82fae80b46e807611bf3",
        "type": "github"
      },
      "original": {
        "owner": "numtide",
        "repo": "flake-utils",
        "type": "github"
      }
    }
  },
  "root": "root",
  "version": 7
}
